// !$*UTF8*$!
{
	archiveVersion = 1;
	classes = {
	};
	objectVersion = 46;
	objects = {

/* Begin PBXBuildFile section */
		25E14FB0191B89A500A6F738 /* Cocoa.framework in Frameworks */ = {isa = PBXBuildFile; fileRef = 25E14FAF191B89A500A6F738 /* Cocoa.framework */; };
		25E14FBA191B89A600A6F738 /* InfoPlist.strings in Resources */ = {isa = PBXBuildFile; fileRef = 25E14FB8191B89A600A6F738 /* InfoPlist.strings */; };
		25E14FBC191B89A600A6F738 /* main.m in Sources */ = {isa = PBXBuildFile; fileRef = 25E14FBB191B89A600A6F738 /* main.m */; };
		25E14FC0191B89A600A6F738 /* Credits.rtf in Resources */ = {isa = PBXBuildFile; fileRef = 25E14FBE191B89A600A6F738 /* Credits.rtf */; };
		25E14FC3191B89A600A6F738 /* RMAppDelegate.m in Sources */ = {isa = PBXBuildFile; fileRef = 25E14FC2191B89A600A6F738 /* RMAppDelegate.m */; };
		25E14FC6191B89A600A6F738 /* MainMenu.xib in Resources */ = {isa = PBXBuildFile; fileRef = 25E14FC4191B89A600A6F738 /* MainMenu.xib */; };
		25E14FC8191B89A700A6F738 /* Images.xcassets in Resources */ = {isa = PBXBuildFile; fileRef = 25E14FC7191B89A600A6F738 /* Images.xcassets */; };
		25E14FCF191B89A700A6F738 /* XCTest.framework in Frameworks */ = {isa = PBXBuildFile; fileRef = 25E14FCE191B89A700A6F738 /* XCTest.framework */; };
		25E14FD0191B89A700A6F738 /* Cocoa.framework in Frameworks */ = {isa = PBXBuildFile; fileRef = 25E14FAF191B89A500A6F738 /* Cocoa.framework */; };
		25E14FD8191B89A700A6F738 /* InfoPlist.strings in Resources */ = {isa = PBXBuildFile; fileRef = 25E14FD6191B89A700A6F738 /* InfoPlist.strings */; };
		25E14FDA191B89A700A6F738 /* PaperTrailLumberjackMacExampleTests.m in Sources */ = {isa = PBXBuildFile; fileRef = 25E14FD9191B89A700A6F738 /* PaperTrailLumberjackMacExampleTests.m */; };
		2EFB25BB61B84A6DB08AB924 /* libPods.a in Frameworks */ = {isa = PBXBuildFile; fileRef = 2A856F6DDCAF4228939C9415 /* libPods.a */; };
/* End PBXBuildFile section */

/* Begin PBXContainerItemProxy section */
		25E14FD1191B89A700A6F738 /* PBXContainerItemProxy */ = {
			isa = PBXContainerItemProxy;
			containerPortal = 25E14FA4191B89A500A6F738 /* Project object */;
			proxyType = 1;
			remoteGlobalIDString = 25E14FAB191B89A500A6F738;
			remoteInfo = PaperTrailLumberjackMacExample;
		};
/* End PBXContainerItemProxy section */

/* Begin PBXFileReference section */
		25E14FAC191B89A500A6F738 /* PaperTrailLumberjackMacExample.app */ = {isa = PBXFileReference; explicitFileType = wrapper.application; includeInIndex = 0; path = PaperTrailLumberjackMacExample.app; sourceTree = BUILT_PRODUCTS_DIR; };
		25E14FAF191B89A500A6F738 /* Cocoa.framework */ = {isa = PBXFileReference; lastKnownFileType = wrapper.framework; name = Cocoa.framework; path = System/Library/Frameworks/Cocoa.framework; sourceTree = SDKROOT; };
		25E14FB2191B89A500A6F738 /* AppKit.framework */ = {isa = PBXFileReference; lastKnownFileType = wrapper.framework; name = AppKit.framework; path = System/Library/Frameworks/AppKit.framework; sourceTree = SDKROOT; };
		25E14FB3191B89A500A6F738 /* CoreData.framework */ = {isa = PBXFileReference; lastKnownFileType = wrapper.framework; name = CoreData.framework; path = System/Library/Frameworks/CoreData.framework; sourceTree = SDKROOT; };
		25E14FB4191B89A500A6F738 /* Foundation.framework */ = {isa = PBXFileReference; lastKnownFileType = wrapper.framework; name = Foundation.framework; path = System/Library/Frameworks/Foundation.framework; sourceTree = SDKROOT; };
		25E14FB7191B89A600A6F738 /* PaperTrailLumberjackMacExample-Info.plist */ = {isa = PBXFileReference; lastKnownFileType = text.plist.xml; path = "PaperTrailLumberjackMacExample-Info.plist"; sourceTree = "<group>"; };
		25E14FB9191B89A600A6F738 /* en */ = {isa = PBXFileReference; lastKnownFileType = text.plist.strings; name = en; path = en.lproj/InfoPlist.strings; sourceTree = "<group>"; };
		25E14FBB191B89A600A6F738 /* main.m */ = {isa = PBXFileReference; lastKnownFileType = sourcecode.c.objc; path = main.m; sourceTree = "<group>"; };
		25E14FBD191B89A600A6F738 /* PaperTrailLumberjackMacExample-Prefix.pch */ = {isa = PBXFileReference; lastKnownFileType = sourcecode.c.h; path = "PaperTrailLumberjackMacExample-Prefix.pch"; sourceTree = "<group>"; };
		25E14FBF191B89A600A6F738 /* en */ = {isa = PBXFileReference; lastKnownFileType = text.rtf; name = en; path = en.lproj/Credits.rtf; sourceTree = "<group>"; };
		25E14FC1191B89A600A6F738 /* RMAppDelegate.h */ = {isa = PBXFileReference; lastKnownFileType = sourcecode.c.h; path = RMAppDelegate.h; sourceTree = "<group>"; };
		25E14FC2191B89A600A6F738 /* RMAppDelegate.m */ = {isa = PBXFileReference; lastKnownFileType = sourcecode.c.objc; path = RMAppDelegate.m; sourceTree = "<group>"; };
		25E14FC5191B89A600A6F738 /* Base */ = {isa = PBXFileReference; lastKnownFileType = file.xib; name = Base; path = Base.lproj/MainMenu.xib; sourceTree = "<group>"; };
		25E14FC7191B89A600A6F738 /* Images.xcassets */ = {isa = PBXFileReference; lastKnownFileType = folder.assetcatalog; path = Images.xcassets; sourceTree = "<group>"; };
		25E14FCD191B89A700A6F738 /* PaperTrailLumberjackMacExampleTests.xctest */ = {isa = PBXFileReference; explicitFileType = wrapper.cfbundle; includeInIndex = 0; path = PaperTrailLumberjackMacExampleTests.xctest; sourceTree = BUILT_PRODUCTS_DIR; };
		25E14FCE191B89A700A6F738 /* XCTest.framework */ = {isa = PBXFileReference; lastKnownFileType = wrapper.framework; name = XCTest.framework; path = Library/Frameworks/XCTest.framework; sourceTree = DEVELOPER_DIR; };
		25E14FD5191B89A700A6F738 /* PaperTrailLumberjackMacExampleTests-Info.plist */ = {isa = PBXFileReference; lastKnownFileType = text.plist.xml; path = "PaperTrailLumberjackMacExampleTests-Info.plist"; sourceTree = "<group>"; };
		25E14FD7191B89A700A6F738 /* en */ = {isa = PBXFileReference; lastKnownFileType = text.plist.strings; name = en; path = en.lproj/InfoPlist.strings; sourceTree = "<group>"; };
		25E14FD9191B89A700A6F738 /* PaperTrailLumberjackMacExampleTests.m */ = {isa = PBXFileReference; lastKnownFileType = sourcecode.c.objc; path = PaperTrailLumberjackMacExampleTests.m; sourceTree = "<group>"; };
		2A856F6DDCAF4228939C9415 /* libPods.a */ = {isa = PBXFileReference; explicitFileType = archive.ar; includeInIndex = 0; path = libPods.a; sourceTree = BUILT_PRODUCTS_DIR; };
		7552A10DD77049D285ABB87A /* Pods.xcconfig */ = {isa = PBXFileReference; includeInIndex = 1; lastKnownFileType = text.xcconfig; name = Pods.xcconfig; path = Pods/Pods.xcconfig; sourceTree = "<group>"; };
/* End PBXFileReference section */

/* Begin PBXFrameworksBuildPhase section */
		25E14FA9191B89A500A6F738 /* Frameworks */ = {
			isa = PBXFrameworksBuildPhase;
			buildActionMask = 2147483647;
			files = (
				25E14FB0191B89A500A6F738 /* Cocoa.framework in Frameworks */,
				2EFB25BB61B84A6DB08AB924 /* libPods.a in Frameworks */,
			);
			runOnlyForDeploymentPostprocessing = 0;
		};
		25E14FCA191B89A700A6F738 /* Frameworks */ = {
			isa = PBXFrameworksBuildPhase;
			buildActionMask = 2147483647;
			files = (
				25E14FD0191B89A700A6F738 /* Cocoa.framework in Frameworks */,
				25E14FCF191B89A700A6F738 /* XCTest.framework in Frameworks */,
			);
			runOnlyForDeploymentPostprocessing = 0;
		};
/* End PBXFrameworksBuildPhase section */

/* Begin PBXGroup section */
		25E14FA3191B89A500A6F738 = {
			isa = PBXGroup;
			children = (
				25E14FB5191B89A500A6F738 /* PaperTrailLumberjackMacExample */,
				25E14FD3191B89A700A6F738 /* PaperTrailLumberjackMacExampleTests */,
				25E14FAE191B89A500A6F738 /* Frameworks */,
				25E14FAD191B89A500A6F738 /* Products */,
				7552A10DD77049D285ABB87A /* Pods.xcconfig */,
			);
			sourceTree = "<group>";
		};
		25E14FAD191B89A500A6F738 /* Products */ = {
			isa = PBXGroup;
			children = (
				25E14FAC191B89A500A6F738 /* PaperTrailLumberjackMacExample.app */,
				25E14FCD191B89A700A6F738 /* PaperTrailLumberjackMacExampleTests.xctest */,
			);
			name = Products;
			sourceTree = "<group>";
		};
		25E14FAE191B89A500A6F738 /* Frameworks */ = {
			isa = PBXGroup;
			children = (
				25E14FAF191B89A500A6F738 /* Cocoa.framework */,
				25E14FCE191B89A700A6F738 /* XCTest.framework */,
				25E14FB1191B89A500A6F738 /* Other Frameworks */,
				2A856F6DDCAF4228939C9415 /* libPods.a */,
			);
			name = Frameworks;
			sourceTree = "<group>";
		};
		25E14FB1191B89A500A6F738 /* Other Frameworks */ = {
			isa = PBXGroup;
			children = (
				25E14FB2191B89A500A6F738 /* AppKit.framework */,
				25E14FB3191B89A500A6F738 /* CoreData.framework */,
				25E14FB4191B89A500A6F738 /* Foundation.framework */,
			);
			name = "Other Frameworks";
			sourceTree = "<group>";
		};
		25E14FB5191B89A500A6F738 /* PaperTrailLumberjackMacExample */ = {
			isa = PBXGroup;
			children = (
				25E14FC1191B89A600A6F738 /* RMAppDelegate.h */,
				25E14FC2191B89A600A6F738 /* RMAppDelegate.m */,
				25E14FC4191B89A600A6F738 /* MainMenu.xib */,
				25E14FC7191B89A600A6F738 /* Images.xcassets */,
				25E14FB6191B89A600A6F738 /* Supporting Files */,
			);
			path = PaperTrailLumberjackMacExample;
			sourceTree = "<group>";
		};
		25E14FB6191B89A600A6F738 /* Supporting Files */ = {
			isa = PBXGroup;
			children = (
				25E14FB7191B89A600A6F738 /* PaperTrailLumberjackMacExample-Info.plist */,
				25E14FB8191B89A600A6F738 /* InfoPlist.strings */,
				25E14FBB191B89A600A6F738 /* main.m */,
				25E14FBD191B89A600A6F738 /* PaperTrailLumberjackMacExample-Prefix.pch */,
				25E14FBE191B89A600A6F738 /* Credits.rtf */,
			);
			name = "Supporting Files";
			sourceTree = "<group>";
		};
		25E14FD3191B89A700A6F738 /* PaperTrailLumberjackMacExampleTests */ = {
			isa = PBXGroup;
			children = (
				25E14FD9191B89A700A6F738 /* PaperTrailLumberjackMacExampleTests.m */,
				25E14FD4191B89A700A6F738 /* Supporting Files */,
			);
			path = PaperTrailLumberjackMacExampleTests;
			sourceTree = "<group>";
		};
		25E14FD4191B89A700A6F738 /* Supporting Files */ = {
			isa = PBXGroup;
			children = (
				25E14FD5191B89A700A6F738 /* PaperTrailLumberjackMacExampleTests-Info.plist */,
				25E14FD6191B89A700A6F738 /* InfoPlist.strings */,
			);
			name = "Supporting Files";
			sourceTree = "<group>";
		};
/* End PBXGroup section */

/* Begin PBXNativeTarget section */
		25E14FAB191B89A500A6F738 /* PaperTrailLumberjackMacExample */ = {
			isa = PBXNativeTarget;
			buildConfigurationList = 25E14FDD191B89A700A6F738 /* Build configuration list for PBXNativeTarget "PaperTrailLumberjackMacExample" */;
			buildPhases = (
				6FDB45AD58A244E28678D78F /* Check Pods Manifest.lock */,
				25E14FA8191B89A500A6F738 /* Sources */,
				25E14FA9191B89A500A6F738 /* Frameworks */,
				25E14FAA191B89A500A6F738 /* Resources */,
				99229059FD5C4A7EAA418A9B /* Copy Pods Resources */,
			);
			buildRules = (
			);
			dependencies = (
			);
			name = PaperTrailLumberjackMacExample;
			productName = PaperTrailLumberjackMacExample;
			productReference = 25E14FAC191B89A500A6F738 /* PaperTrailLumberjackMacExample.app */;
			productType = "com.apple.product-type.application";
		};
		25E14FCC191B89A700A6F738 /* PaperTrailLumberjackMacExampleTests */ = {
			isa = PBXNativeTarget;
			buildConfigurationList = 25E14FE0191B89A700A6F738 /* Build configuration list for PBXNativeTarget "PaperTrailLumberjackMacExampleTests" */;
			buildPhases = (
				25E14FC9191B89A700A6F738 /* Sources */,
				25E14FCA191B89A700A6F738 /* Frameworks */,
				25E14FCB191B89A700A6F738 /* Resources */,
			);
			buildRules = (
			);
			dependencies = (
				25E14FD2191B89A700A6F738 /* PBXTargetDependency */,
			);
			name = PaperTrailLumberjackMacExampleTests;
			productName = PaperTrailLumberjackMacExampleTests;
			productReference = 25E14FCD191B89A700A6F738 /* PaperTrailLumberjackMacExampleTests.xctest */;
			productType = "com.apple.product-type.bundle.unit-test";
		};
/* End PBXNativeTarget section */

/* Begin PBXProject section */
		25E14FA4191B89A500A6F738 /* Project object */ = {
			isa = PBXProject;
			attributes = {
				CLASSPREFIX = RM;
				LastUpgradeCheck = 0510;
				ORGANIZATIONNAME = "Rogue Monkey Technologies & Systems Private Limited";
				TargetAttributes = {
					25E14FCC191B89A700A6F738 = {
						TestTargetID = 25E14FAB191B89A500A6F738;
					};
				};
			};
			buildConfigurationList = 25E14FA7191B89A500A6F738 /* Build configuration list for PBXProject "PaperTrailLumberjackMacExample" */;
			compatibilityVersion = "Xcode 3.2";
			developmentRegion = English;
			hasScannedForEncodings = 0;
			knownRegions = (
				en,
				Base,
			);
			mainGroup = 25E14FA3191B89A500A6F738;
			productRefGroup = 25E14FAD191B89A500A6F738 /* Products */;
			projectDirPath = "";
			projectRoot = "";
			targets = (
				25E14FAB191B89A500A6F738 /* PaperTrailLumberjackMacExample */,
				25E14FCC191B89A700A6F738 /* PaperTrailLumberjackMacExampleTests */,
			);
		};
/* End PBXProject section */

/* Begin PBXResourcesBuildPhase section */
		25E14FAA191B89A500A6F738 /* Resources */ = {
			isa = PBXResourcesBuildPhase;
			buildActionMask = 2147483647;
			files = (
				25E14FBA191B89A600A6F738 /* InfoPlist.strings in Resources */,
				25E14FC8191B89A700A6F738 /* Images.xcassets in Resources */,
				25E14FC0191B89A600A6F738 /* Credits.rtf in Resources */,
				25E14FC6191B89A600A6F738 /* MainMenu.xib in Resources */,
			);
			runOnlyForDeploymentPostprocessing = 0;
		};
		25E14FCB191B89A700A6F738 /* Resources */ = {
			isa = PBXResourcesBuildPhase;
			buildActionMask = 2147483647;
			files = (
				25E14FD8191B89A700A6F738 /* InfoPlist.strings in Resources */,
			);
			runOnlyForDeploymentPostprocessing = 0;
		};
/* End PBXResourcesBuildPhase section */

/* Begin PBXShellScriptBuildPhase section */
		6FDB45AD58A244E28678D78F /* Check Pods Manifest.lock */ = {
			isa = PBXShellScriptBuildPhase;
			buildActionMask = 2147483647;
			files = (
			);
			inputPaths = (
			);
			name = "Check Pods Manifest.lock";
			outputPaths = (
			);
			runOnlyForDeploymentPostprocessing = 0;
			shellPath = /bin/sh;
			shellScript = "diff \"${PODS_ROOT}/../Podfile.lock\" \"${PODS_ROOT}/Manifest.lock\" > /dev/null\nif [[ $? != 0 ]] ; then\n    cat << EOM\nerror: The sandbox is not in sync with the Podfile.lock. Run 'pod install' or update your CocoaPods installation.\nEOM\n    exit 1\nfi\n";
			showEnvVarsInLog = 0;
		};
		99229059FD5C4A7EAA418A9B /* Copy Pods Resources */ = {
			isa = PBXShellScriptBuildPhase;
			buildActionMask = 2147483647;
			files = (
			);
			inputPaths = (
			);
			name = "Copy Pods Resources";
			outputPaths = (
			);
			runOnlyForDeploymentPostprocessing = 0;
			shellPath = /bin/sh;
			shellScript = "\"${SRCROOT}/Pods/Pods-resources.sh\"\n";
			showEnvVarsInLog = 0;
		};
/* End PBXShellScriptBuildPhase section */

/* Begin PBXSourcesBuildPhase section */
		25E14FA8191B89A500A6F738 /* Sources */ = {
			isa = PBXSourcesBuildPhase;
			buildActionMask = 2147483647;
			files = (
				25E14FBC191B89A600A6F738 /* main.m in Sources */,
				25E14FC3191B89A600A6F738 /* RMAppDelegate.m in Sources */,
			);
			runOnlyForDeploymentPostprocessing = 0;
		};
		25E14FC9191B89A700A6F738 /* Sources */ = {
			isa = PBXSourcesBuildPhase;
			buildActionMask = 2147483647;
			files = (
				25E14FDA191B89A700A6F738 /* PaperTrailLumberjackMacExampleTests.m in Sources */,
			);
			runOnlyForDeploymentPostprocessing = 0;
		};
/* End PBXSourcesBuildPhase section */

/* Begin PBXTargetDependency section */
		25E14FD2191B89A700A6F738 /* PBXTargetDependency */ = {
			isa = PBXTargetDependency;
			target = 25E14FAB191B89A500A6F738 /* PaperTrailLumberjackMacExample */;
			targetProxy = 25E14FD1191B89A700A6F738 /* PBXContainerItemProxy */;
		};
/* End PBXTargetDependency section */

/* Begin PBXVariantGroup section */
		25E14FB8191B89A600A6F738 /* InfoPlist.strings */ = {
			isa = PBXVariantGroup;
			children = (
				25E14FB9191B89A600A6F738 /* en */,
			);
			name = InfoPlist.strings;
			sourceTree = "<group>";
		};
		25E14FBE191B89A600A6F738 /* Credits.rtf */ = {
			isa = PBXVariantGroup;
			children = (
				25E14FBF191B89A600A6F738 /* en */,
			);
			name = Credits.rtf;
			sourceTree = "<group>";
		};
		25E14FC4191B89A600A6F738 /* MainMenu.xib */ = {
			isa = PBXVariantGroup;
			children = (
				25E14FC5191B89A600A6F738 /* Base */,
			);
			name = MainMenu.xib;
			sourceTree = "<group>";
		};
		25E14FD6191B89A700A6F738 /* InfoPlist.strings */ = {
			isa = PBXVariantGroup;
			children = (
				25E14FD7191B89A700A6F738 /* en */,
			);
			name = InfoPlist.strings;
			sourceTree = "<group>";
		};
/* End PBXVariantGroup section */

/* Begin XCBuildConfiguration section */
		25E14FDB191B89A700A6F738 /* Debug */ = {
			isa = XCBuildConfiguration;
			buildSettings = {
				ALWAYS_SEARCH_USER_PATHS = NO;
				CLANG_CXX_LANGUAGE_STANDARD = "gnu++0x";
				CLANG_CXX_LIBRARY = "libc++";
				CLANG_ENABLE_MODULES = YES;
				CLANG_ENABLE_OBJC_ARC = YES;
				CLANG_WARN_BOOL_CONVERSION = YES;
				CLANG_WARN_CONSTANT_CONVERSION = YES;
				CLANG_WARN_DIRECT_OBJC_ISA_USAGE = YES_ERROR;
				CLANG_WARN_EMPTY_BODY = YES;
				CLANG_WARN_ENUM_CONVERSION = YES;
				CLANG_WARN_INT_CONVERSION = YES;
				CLANG_WARN_OBJC_ROOT_CLASS = YES_ERROR;
				CLANG_WARN__DUPLICATE_METHOD_MATCH = YES;
				COPY_PHASE_STRIP = NO;
				GCC_C_LANGUAGE_STANDARD = gnu99;
				GCC_DYNAMIC_NO_PIC = NO;
				GCC_ENABLE_OBJC_EXCEPTIONS = YES;
				GCC_OPTIMIZATION_LEVEL = 0;
				GCC_PREPROCESSOR_DEFINITIONS = (
					"DEBUG=1",
					"$(inherited)",
				);
				GCC_SYMBOLS_PRIVATE_EXTERN = NO;
				GCC_WARN_64_TO_32_BIT_CONVERSION = YES;
				GCC_WARN_ABOUT_RETURN_TYPE = YES_ERROR;
				GCC_WARN_UNDECLARED_SELECTOR = YES;
				GCC_WARN_UNINITIALIZED_AUTOS = YES_AGGRESSIVE;
				GCC_WARN_UNUSED_FUNCTION = YES;
				GCC_WARN_UNUSED_VARIABLE = YES;
				MACOSX_DEPLOYMENT_TARGET = 10.9;
				ONLY_ACTIVE_ARCH = YES;
				SDKROOT = macosx;
			};
			name = Debug;
		};
		25E14FDC191B89A700A6F738 /* Release */ = {
			isa = XCBuildConfiguration;
			buildSettings = {
				ALWAYS_SEARCH_USER_PATHS = NO;
				CLANG_CXX_LANGUAGE_STANDARD = "gnu++0x";
				CLANG_CXX_LIBRARY = "libc++";
				CLANG_ENABLE_MODULES = YES;
				CLANG_ENABLE_OBJC_ARC = YES;
				CLANG_WARN_BOOL_CONVERSION = YES;
				CLANG_WARN_CONSTANT_CONVERSION = YES;
				CLANG_WARN_DIRECT_OBJC_ISA_USAGE = YES_ERROR;
				CLANG_WARN_EMPTY_BODY = YES;
				CLANG_WARN_ENUM_CONVERSION = YES;
				CLANG_WARN_INT_CONVERSION = YES;
				CLANG_WARN_OBJC_ROOT_CLASS = YES_ERROR;
				CLANG_WARN__DUPLICATE_METHOD_MATCH = YES;
				COPY_PHASE_STRIP = YES;
				DEBUG_INFORMATION_FORMAT = "dwarf-with-dsym";
				ENABLE_NS_ASSERTIONS = NO;
				GCC_C_LANGUAGE_STANDARD = gnu99;
				GCC_ENABLE_OBJC_EXCEPTIONS = YES;
				GCC_WARN_64_TO_32_BIT_CONVERSION = YES;
				GCC_WARN_ABOUT_RETURN_TYPE = YES_ERROR;
				GCC_WARN_UNDECLARED_SELECTOR = YES;
				GCC_WARN_UNINITIALIZED_AUTOS = YES_AGGRESSIVE;
				GCC_WARN_UNUSED_FUNCTION = YES;
				GCC_WARN_UNUSED_VARIABLE = YES;
				MACOSX_DEPLOYMENT_TARGET = 10.9;
				SDKROOT = macosx;
			};
			name = Release;
		};
		25E14FDE191B89A700A6F738 /* Debug */ = {
			isa = XCBuildConfiguration;
			baseConfigurationReference = 7552A10DD77049D285ABB87A /* Pods.xcconfig */;
			buildSettings = {
				ASSETCATALOG_COMPILER_APPICON_NAME = AppIcon;
				COMBINE_HIDPI_IMAGES = YES;
				GCC_PRECOMPILE_PREFIX_HEADER = YES;
				GCC_PREFIX_HEADER = "PaperTrailLumberjackMacExample/PaperTrailLumberjackMacExample-Prefix.pch";
				INFOPLIST_FILE = "PaperTrailLumberjackMacExample/PaperTrailLumberjackMacExample-Info.plist";
				MACOSX_DEPLOYMENT_TARGET = 10.7;
				PRODUCT_NAME = "$(TARGET_NAME)";
				WRAPPER_EXTENSION = app;
			};
			name = Debug;
		};
		25E14FDF191B89A700A6F738 /* Release */ = {
			isa = XCBuildConfiguration;
			baseConfigurationReference = 7552A10DD77049D285ABB87A /* Pods.xcconfig */;
			buildSettings = {
				ASSETCATALOG_COMPILER_APPICON_NAME = AppIcon;
				COMBINE_HIDPI_IMAGES = YES;
				GCC_PRECOMPILE_PREFIX_HEADER = YES;
				GCC_PREFIX_HEADER = "PaperTrailLumberjackMacExample/PaperTrailLumberjackMacExample-Prefix.pch";
				INFOPLIST_FILE = "PaperTrailLumberjackMacExample/PaperTrailLumberjackMacExample-Info.plist";
				MACOSX_DEPLOYMENT_TARGET = 10.7;
				PRODUCT_NAME = "$(TARGET_NAME)";
				WRAPPER_EXTENSION = app;
			};
			name = Release;
		};
		25E14FE1191B89A700A6F738 /* Debug */ = {
			isa = XCBuildConfiguration;
			buildSettings = {
				BUNDLE_LOADER = "$(BUILT_PRODUCTS_DIR)/PaperTrailLumberjackMacExample.app/Contents/MacOS/PaperTrailLumberjackMacExample";
				COMBINE_HIDPI_IMAGES = YES;
				FRAMEWORK_SEARCH_PATHS = (
					"$(DEVELOPER_FRAMEWORKS_DIR)",
					"$(inherited)",
				);
				GCC_PRECOMPILE_PREFIX_HEADER = YES;
				GCC_PREFIX_HEADER = "PaperTrailLumberjackMacExample/PaperTrailLumberjackMacExample-Prefix.pch";
				GCC_PREPROCESSOR_DEFINITIONS = (
					"DEBUG=1",
					"$(inherited)",
				);
				INFOPLIST_FILE = "PaperTrailLumberjackMacExampleTests/PaperTrailLumberjackMacExampleTests-Info.plist";
				PRODUCT_NAME = "$(TARGET_NAME)";
				TEST_HOST = "$(BUNDLE_LOADER)";
				WRAPPER_EXTENSION = xctest;
			};
			name = Debug;
		};
		25E14FE2191B89A700A6F738 /* Release */ = {
			isa = XCBuildConfiguration;
			buildSettings = {
				BUNDLE_LOADER = "$(BUILT_PRODUCTS_DIR)/PaperTrailLumberjackMacExample.app/Contents/MacOS/PaperTrailLumberjackMacExample";
				COMBINE_HIDPI_IMAGES = YES;
				FRAMEWORK_SEARCH_PATHS = (
					"$(DEVELOPER_FRAMEWORKS_DIR)",
					"$(inherited)",
				);
				GCC_PRECOMPILE_PREFIX_HEADER = YES;
				GCC_PREFIX_HEADER = "PaperTrailLumberjackMacExample/PaperTrailLumberjackMacExample-Prefix.pch";
				INFOPLIST_FILE = "PaperTrailLumberjackMacExampleTests/PaperTrailLumberjackMacExampleTests-Info.plist";
				PRODUCT_NAME = "$(TARGET_NAME)";
				TEST_HOST = "$(BUNDLE_LOADER)";
				WRAPPER_EXTENSION = xctest;
			};
			name = Release;
		};
/* End XCBuildConfiguration section */

/* Begin XCConfigurationList section */
		25E14FA7191B89A500A6F738 /* Build configuration list for PBXProject "PaperTrailLumberjackMacExample" */ = {
			isa = XCConfigurationList;
			buildConfigurations = (
				25E14FDB191B89A700A6F738 /* Debug */,
				25E14FDC191B89A700A6F738 /* Release */,
			);
			defaultConfigurationIsVisible = 0;
			defaultConfigurationName = Release;
		};
		25E14FDD191B89A700A6F738 /* Build configuration list for PBXNativeTarget "PaperTrailLumberjackMacExample" */ = {
			isa = XCConfigurationList;
			buildConfigurations = (
				25E14FDE191B89A700A6F738 /* Debug */,
				25E14FDF191B89A700A6F738 /* Release */,
			);
			defaultConfigurationIsVisible = 0;
			defaultConfigurationName = Release;
		};
		25E14FE0191B89A700A6F738 /* Build configuration list for PBXNativeTarget "PaperTrailLumberjackMacExampleTests" */ = {
			isa = XCConfigurationList;
			buildConfigurations = (
				25E14FE1191B89A700A6F738 /* Debug */,
				25E14FE2191B89A700A6F738 /* Release */,
			);
			defaultConfigurationIsVisible = 0;
			defaultConfigurationName = Release;
		};
/* End XCConfigurationList section */
	};
	rootObject = 25E14FA4191B89A500A6F738 /* Project object */;
}
