PODS:
  - CocoaAsyncSocket (7.4.2)
  - CocoaLumberjack (2.2.0):
    - CocoaLumberjack/Default (= 2.2.0)
    - CocoaLumberjack/Extensions (= 2.2.0)
  - CocoaLumberjack/Core (2.2.0)
  - CocoaLumberjack/Default (2.2.0):
    - CocoaLumberjack/Core
  - CocoaLumberjack/Extensions (2.2.0):
    - CocoaLumberjack/Default
  - PaperTrailLumberjack (1.0.2):
    - CocoaAsyncSocket
    - CocoaLumberjack (~> 2.2.0)

DEPENDENCIES:
  - PaperTrailLumberjack (from `../..`)

EXTERNAL SOURCES:
  PaperTrailLumberjack:
    :path: ../..

SPEC CHECKSUMS:
  CocoaAsyncSocket: f5783bdedd232d91b89769bc4b5a1580aed518ad
  CocoaLumberjack: 17fe8581f84914d5d7e6360f7c70022b173c3ae0
  PaperTrailLumberjack: 43b20b5a158f261d1e3b604013d8a7624a24a5ad

COCOAPODS: 0.39.0
